
Microsoft Visual Studio Solution File, Format Version 12.00
# Visual Studio Version 16
VisualStudioVersion = 16.0.31624.102
MinimumVisualStudioVersion = 10.0.40219.1
Project("{FAE04EC0-301F-11D3-BF4B-00C04F79EFBC}") = "8_DTTHang_NTHai", "8_DTTHang_NTHai\8_DTTHang_NTHai.csproj", "{1F21ADE6-BE30-47E3-98A5-8A03F6730045}"
EndProject
Global
	GlobalSection(SolutionConfigurationPlatforms) = preSolution
		Debug|Any CPU = Debug|Any CPU
		Release|Any CPU = Release|Any CPU
	EndGlobalSection
	GlobalSection(ProjectConfigurationPlatforms) = postSolution
		{1F21ADE6-BE30-47E3-98A5-8A03F6730045}.Debug|Any CPU.ActiveCfg = Debug|Any CPU
		{1F21ADE6-BE30-47E3-98A5-8A03F6730045}.Debug|Any CPU.Build.0 = Debug|Any CPU
		{1F21ADE6-BE30-47E3-98A5-8A03F6730045}.Release|Any CPU.ActiveCfg = Release|Any CPU
		{1F21ADE6-BE30-47E3-98A5-8A03F6730045}.Release|Any CPU.Build.0 = Release|Any CPU
	EndGlobalSection
	GlobalSection(SolutionProperties) = preSolution
		HideSolutionNode = FALSE
	EndGlobalSection
	GlobalSection(ExtensibilityGlobals) = postSolution
		SolutionGuid = {B19BCA6D-DA50-4794-B469-19CAEC94ABFA}
	EndGlobalSection
EndGlobal
